
Microsoft Visual Studio Solution File, Format Version 12.00
# Visual Studio Version 17
VisualStudioVersion = 17.10.34916.146
MinimumVisualStudioVersion = 10.0.40219.1
Project("{FAE04EC0-301F-11D3-BF4B-00C04F79EFBC}") = "exemploAmod9", "exemploAmod9\exemploAmod9.csproj", "{7BAC6AAC-24A5-4CB7-915B-DE3A7699CAE7}"
EndProject
Global
	GlobalSection(SolutionConfigurationPlatforms) = preSolution
		Debug|Any CPU = Debug|Any CPU
		Release|Any CPU = Release|Any CPU
	EndGlobalSection
	GlobalSection(ProjectConfigurationPlatforms) = postSolution
		{7BAC6AAC-24A5-4CB7-915B-DE3A7699CAE7}.Debug|Any CPU.ActiveCfg = Debug|Any CPU
		{7BAC6AAC-24A5-4CB7-915B-DE3A7699CAE7}.Debug|Any CPU.Build.0 = Debug|Any CPU
		{7BAC6AAC-24A5-4CB7-915B-DE3A7699CAE7}.Release|Any CPU.ActiveCfg = Release|Any CPU
		{7BAC6AAC-24A5-4CB7-915B-DE3A7699CAE7}.Release|Any CPU.Build.0 = Release|Any CPU
	EndGlobalSection
	GlobalSection(SolutionProperties) = preSolution
		HideSolutionNode = FALSE
	EndGlobalSection
	GlobalSection(ExtensibilityGlobals) = postSolution
		SolutionGuid = {8FB9DE17-EA13-430C-A40F-9366380E5CD6}
	EndGlobalSection
EndGlobal
