
Microsoft Visual Studio Solution File, Format Version 12.00
# Visual Studio Version 17
VisualStudioVersion = 17.10.34916.146
MinimumVisualStudioVersion = 10.0.40219.1
Project("{FAE04EC0-301F-11D3-BF4B-00C04F79EFBC}") = "Ex3DesafioM09", "Ex3DesafioM09\Ex3DesafioM09.csproj", "{70B14613-D5D4-406A-9C5F-622503124CF2}"
EndProject
Global
	GlobalSection(SolutionConfigurationPlatforms) = preSolution
		Debug|Any CPU = Debug|Any CPU
		Release|Any CPU = Release|Any CPU
	EndGlobalSection
	GlobalSection(ProjectConfigurationPlatforms) = postSolution
		{70B14613-D5D4-406A-9C5F-622503124CF2}.Debug|Any CPU.ActiveCfg = Debug|Any CPU
		{70B14613-D5D4-406A-9C5F-622503124CF2}.Debug|Any CPU.Build.0 = Debug|Any CPU
		{70B14613-D5D4-406A-9C5F-622503124CF2}.Release|Any CPU.ActiveCfg = Release|Any CPU
		{70B14613-D5D4-406A-9C5F-622503124CF2}.Release|Any CPU.Build.0 = Release|Any CPU
	EndGlobalSection
	GlobalSection(SolutionProperties) = preSolution
		HideSolutionNode = FALSE
	EndGlobalSection
	GlobalSection(ExtensibilityGlobals) = postSolution
		SolutionGuid = {AB11EEC4-83B2-4CEB-94E9-688BB5B1FA72}
	EndGlobalSection
EndGlobal
